
Microsoft Visual Studio Solution File, Format Version 12.00
# Visual Studio Version 16
VisualStudioVersion = 16.0.30804.86
MinimumVisualStudioVersion = 10.0.40219.1
Project("{FAE04EC0-301F-11D3-BF4B-00C04F79EFBC}") = "ProjektZaliczeniowy", "ProjektZaliczeniowy\ProjektZaliczeniowy.csproj", "{072E87DC-7E09-4B09-9165-788E95010D69}"
EndProject
Global
	GlobalSection(SolutionConfigurationPlatforms) = preSolution
		Debug|Any CPU = Debug|Any CPU
		Release|Any CPU = Release|Any CPU
	EndGlobalSection
	GlobalSection(ProjectConfigurationPlatforms) = postSolution
		{072E87DC-7E09-4B09-9165-788E95010D69}.Debug|Any CPU.ActiveCfg = Debug|Any CPU
		{072E87DC-7E09-4B09-9165-788E95010D69}.Debug|Any CPU.Build.0 = Debug|Any CPU
		{072E87DC-7E09-4B09-9165-788E95010D69}.Release|Any CPU.ActiveCfg = Release|Any CPU
		{072E87DC-7E09-4B09-9165-788E95010D69}.Release|Any CPU.Build.0 = Release|Any CPU
	EndGlobalSection
	GlobalSection(SolutionProperties) = preSolution
		HideSolutionNode = FALSE
	EndGlobalSection
	GlobalSection(ExtensibilityGlobals) = postSolution
		SolutionGuid = {C42639E0-40F1-47C9-9622-C62747133DE7}
	EndGlobalSection
EndGlobal
